// !$*UTF8*$!
{
	archiveVersion = 1;
	classes = {
	};
	objectVersion = 50;
	objects = {

/* Begin PBXBuildFile section */
		861AA86722315FC100C68143 /* ConcurrentOperation.framework in Frameworks */ = {isa = PBXBuildFile; fileRef = 861AA85D22315FC100C68143 /* ConcurrentOperation.framework */; };
		861AA86C22315FC100C68143 /* ConcurrentOperationTests.swift in Sources */ = {isa = PBXBuildFile; fileRef = 861AA86B22315FC100C68143 /* ConcurrentOperationTests.swift */; };
		861AA86E22315FC100C68143 /* ConcurrentOperation.h in Headers */ = {isa = PBXBuildFile; fileRef = 861AA86022315FC100C68143 /* ConcurrentOperation.h */; settings = {ATTRIBUTES = (Public, ); }; };
		861AA87822315FCC00C68143 /* ConcurrentOperation.swift in Sources */ = {isa = PBXBuildFile; fileRef = 861AA87722315FCC00C68143 /* ConcurrentOperation.swift */; };
		861AA87A2231693000C68143 /* ConcurrentBlockOperation.swift in Sources */ = {isa = PBXBuildFile; fileRef = 861AA8792231693000C68143 /* ConcurrentBlockOperation.swift */; };
/* End PBXBuildFile section */

/* Begin PBXContainerItemProxy section */
		861AA86822315FC100C68143 /* PBXContainerItemProxy */ = {
			isa = PBXContainerItemProxy;
			containerPortal = 861AA85422315FC100C68143 /* Project object */;
			proxyType = 1;
			remoteGlobalIDString = 861AA85C22315FC100C68143;
			remoteInfo = ConcurrentOperation;
		};
/* End PBXContainerItemProxy section */

/* Begin PBXFileReference section */
		861AA85D22315FC100C68143 /* ConcurrentOperation.framework */ = {isa = PBXFileReference; explicitFileType = wrapper.framework; includeInIndex = 0; path = ConcurrentOperation.framework; sourceTree = BUILT_PRODUCTS_DIR; };
		861AA86022315FC100C68143 /* ConcurrentOperation.h */ = {isa = PBXFileReference; lastKnownFileType = sourcecode.c.h; path = ConcurrentOperation.h; sourceTree = "<group>"; };
		861AA86122315FC100C68143 /* Info.plist */ = {isa = PBXFileReference; lastKnownFileType = text.plist.xml; path = Info.plist; sourceTree = "<group>"; };
		861AA86622315FC100C68143 /* ConcurrentOperationTests.xctest */ = {isa = PBXFileReference; explicitFileType = wrapper.cfbundle; includeInIndex = 0; path = ConcurrentOperationTests.xctest; sourceTree = BUILT_PRODUCTS_DIR; };
		861AA86B22315FC100C68143 /* ConcurrentOperationTests.swift */ = {isa = PBXFileReference; lastKnownFileType = sourcecode.swift; path = ConcurrentOperationTests.swift; sourceTree = "<group>"; };
		861AA86D22315FC100C68143 /* Info.plist */ = {isa = PBXFileReference; lastKnownFileType = text.plist.xml; path = Info.plist; sourceTree = "<group>"; };
		861AA87722315FCC00C68143 /* ConcurrentOperation.swift */ = {isa = PBXFileReference; lastKnownFileType = sourcecode.swift; path = ConcurrentOperation.swift; sourceTree = "<group>"; };
		861AA8792231693000C68143 /* ConcurrentBlockOperation.swift */ = {isa = PBXFileReference; lastKnownFileType = sourcecode.swift; path = ConcurrentBlockOperation.swift; sourceTree = "<group>"; };
/* End PBXFileReference section */

/* Begin PBXFrameworksBuildPhase section */
		861AA85A22315FC100C68143 /* Frameworks */ = {
			isa = PBXFrameworksBuildPhase;
			buildActionMask = 2147483647;
			files = (
			);
			runOnlyForDeploymentPostprocessing = 0;
		};
		861AA86322315FC100C68143 /* Frameworks */ = {
			isa = PBXFrameworksBuildPhase;
			buildActionMask = 2147483647;
			files = (
				861AA86722315FC100C68143 /* ConcurrentOperation.framework in Frameworks */,
			);
			runOnlyForDeploymentPostprocessing = 0;
		};
/* End PBXFrameworksBuildPhase section */

/* Begin PBXGroup section */
		861AA85322315FC100C68143 = {
			isa = PBXGroup;
			children = (
				861AA85F22315FC100C68143 /* ConcurrentOperation */,
				861AA86A22315FC100C68143 /* ConcurrentOperationTests */,
				861AA85E22315FC100C68143 /* Products */,
			);
			sourceTree = "<group>";
		};
		861AA85E22315FC100C68143 /* Products */ = {
			isa = PBXGroup;
			children = (
				861AA85D22315FC100C68143 /* ConcurrentOperation.framework */,
				861AA86622315FC100C68143 /* ConcurrentOperationTests.xctest */,
			);
			name = Products;
			sourceTree = "<group>";
		};
		861AA85F22315FC100C68143 /* ConcurrentOperation */ = {
			isa = PBXGroup;
			children = (
				861AA86022315FC100C68143 /* ConcurrentOperation.h */,
				861AA86122315FC100C68143 /* Info.plist */,
				861AA87722315FCC00C68143 /* ConcurrentOperation.swift */,
				861AA8792231693000C68143 /* ConcurrentBlockOperation.swift */,
			);
			path = ConcurrentOperation;
			sourceTree = "<group>";
		};
		861AA86A22315FC100C68143 /* ConcurrentOperationTests */ = {
			isa = PBXGroup;
			children = (
				861AA86B22315FC100C68143 /* ConcurrentOperationTests.swift */,
				861AA86D22315FC100C68143 /* Info.plist */,
			);
			path = ConcurrentOperationTests;
			sourceTree = "<group>";
		};
/* End PBXGroup section */

/* Begin PBXHeadersBuildPhase section */
		861AA85822315FC100C68143 /* Headers */ = {
			isa = PBXHeadersBuildPhase;
			buildActionMask = 2147483647;
			files = (
				861AA86E22315FC100C68143 /* ConcurrentOperation.h in Headers */,
			);
			runOnlyForDeploymentPostprocessing = 0;
		};
/* End PBXHeadersBuildPhase section */

/* Begin PBXNativeTarget section */
		861AA85C22315FC100C68143 /* ConcurrentOperation */ = {
			isa = PBXNativeTarget;
			buildConfigurationList = 861AA87122315FC100C68143 /* Build configuration list for PBXNativeTarget "ConcurrentOperation" */;
			buildPhases = (
				861AA85822315FC100C68143 /* Headers */,
				861AA85922315FC100C68143 /* Sources */,
				861AA85A22315FC100C68143 /* Frameworks */,
				861AA85B22315FC100C68143 /* Resources */,
			);
			buildRules = (
			);
			dependencies = (
			);
			name = ConcurrentOperation;
			productName = ConcurrentOperation;
			productReference = 861AA85D22315FC100C68143 /* ConcurrentOperation.framework */;
			productType = "com.apple.product-type.framework";
		};
		861AA86522315FC100C68143 /* ConcurrentOperationTests */ = {
			isa = PBXNativeTarget;
			buildConfigurationList = 861AA87422315FC100C68143 /* Build configuration list for PBXNativeTarget "ConcurrentOperationTests" */;
			buildPhases = (
				861AA86222315FC100C68143 /* Sources */,
				861AA86322315FC100C68143 /* Frameworks */,
				861AA86422315FC100C68143 /* Resources */,
			);
			buildRules = (
			);
			dependencies = (
				861AA86922315FC100C68143 /* PBXTargetDependency */,
			);
			name = ConcurrentOperationTests;
			productName = ConcurrentOperationTests;
			productReference = 861AA86622315FC100C68143 /* ConcurrentOperationTests.xctest */;
			productType = "com.apple.product-type.bundle.unit-test";
		};
/* End PBXNativeTarget section */

/* Begin PBXProject section */
		861AA85422315FC100C68143 /* Project object */ = {
			isa = PBXProject;
			attributes = {
				LastSwiftUpdateCheck = 1010;
				LastUpgradeCheck = 1010;
				ORGANIZATIONNAME = "Arthur Dexter";
				TargetAttributes = {
					861AA85C22315FC100C68143 = {
						CreatedOnToolsVersion = 10.1;
						LastSwiftMigration = 1010;
					};
					861AA86522315FC100C68143 = {
						CreatedOnToolsVersion = 10.1;
					};
				};
			};
			buildConfigurationList = 861AA85722315FC100C68143 /* Build configuration list for PBXProject "ConcurrentOperation" */;
			compatibilityVersion = "Xcode 9.3";
			developmentRegion = en;
			hasScannedForEncodings = 0;
			knownRegions = (
				en,
			);
			mainGroup = 861AA85322315FC100C68143;
			productRefGroup = 861AA85E22315FC100C68143 /* Products */;
			projectDirPath = "";
			projectRoot = "";
			targets = (
				861AA85C22315FC100C68143 /* ConcurrentOperation */,
				861AA86522315FC100C68143 /* ConcurrentOperationTests */,
			);
		};
/* End PBXProject section */

/* Begin PBXResourcesBuildPhase section */
		861AA85B22315FC100C68143 /* Resources */ = {
			isa = PBXResourcesBuildPhase;
			buildActionMask = 2147483647;
			files = (
			);
			runOnlyForDeploymentPostprocessing = 0;
		};
		861AA86422315FC100C68143 /* Resources */ = {
			isa = PBXResourcesBuildPhase;
			buildActionMask = 2147483647;
			files = (
			);
			runOnlyForDeploymentPostprocessing = 0;
		};
/* End PBXResourcesBuildPhase section */

/* Begin PBXSourcesBuildPhase section */
		861AA85922315FC100C68143 /* Sources */ = {
			isa = PBXSourcesBuildPhase;
			buildActionMask = 2147483647;
			files = (
				861AA87A2231693000C68143 /* ConcurrentBlockOperation.swift in Sources */,
				861AA87822315FCC00C68143 /* ConcurrentOperation.swift in Sources */,
			);
			runOnlyForDeploymentPostprocessing = 0;
		};
		861AA86222315FC100C68143 /* Sources */ = {
			isa = PBXSourcesBuildPhase;
			buildActionMask = 2147483647;
			files = (
				861AA86C22315FC100C68143 /* ConcurrentOperationTests.swift in Sources */,
			);
			runOnlyForDeploymentPostprocessing = 0;
		};
/* End PBXSourcesBuildPhase section */

/* Begin PBXTargetDependency section */
		861AA86922315FC100C68143 /* PBXTargetDependency */ = {
			isa = PBXTargetDependency;
			target = 861AA85C22315FC100C68143 /* ConcurrentOperation */;
			targetProxy = 861AA86822315FC100C68143 /* PBXContainerItemProxy */;
		};
/* End PBXTargetDependency section */

/* Begin XCBuildConfiguration section */
		861AA86F22315FC100C68143 /* Debug */ = {
			isa = XCBuildConfiguration;
			buildSettings = {
				ALWAYS_SEARCH_USER_PATHS = NO;
				CLANG_ANALYZER_NONNULL = YES;
				CLANG_ANALYZER_NUMBER_OBJECT_CONVERSION = YES_AGGRESSIVE;
				CLANG_CXX_LANGUAGE_STANDARD = "gnu++14";
				CLANG_CXX_LIBRARY = "libc++";
				CLANG_ENABLE_MODULES = YES;
				CLANG_ENABLE_OBJC_ARC = YES;
				CLANG_ENABLE_OBJC_WEAK = YES;
				CLANG_WARN_BLOCK_CAPTURE_AUTORELEASING = YES;
				CLANG_WARN_BOOL_CONVERSION = YES;
				CLANG_WARN_COMMA = YES;
				CLANG_WARN_CONSTANT_CONVERSION = YES;
				CLANG_WARN_DEPRECATED_OBJC_IMPLEMENTATIONS = YES;
				CLANG_WARN_DIRECT_OBJC_ISA_USAGE = YES_ERROR;
				CLANG_WARN_DOCUMENTATION_COMMENTS = YES;
				CLANG_WARN_EMPTY_BODY = YES;
				CLANG_WARN_ENUM_CONVERSION = YES;
				CLANG_WARN_INFINITE_RECURSION = YES;
				CLANG_WARN_INT_CONVERSION = YES;
				CLANG_WARN_NON_LITERAL_NULL_CONVERSION = YES;
				CLANG_WARN_OBJC_IMPLICIT_RETAIN_SELF = YES;
				CLANG_WARN_OBJC_LITERAL_CONVERSION = YES;
				CLANG_WARN_OBJC_ROOT_CLASS = YES_ERROR;
				CLANG_WARN_RANGE_LOOP_ANALYSIS = YES;
				CLANG_WARN_STRICT_PROTOTYPES = YES;
				CLANG_WARN_SUSPICIOUS_MOVE = YES;
				CLANG_WARN_UNGUARDED_AVAILABILITY = YES_AGGRESSIVE;
				CLANG_WARN_UNREACHABLE_CODE = YES;
				CLANG_WARN__DUPLICATE_METHOD_MATCH = YES;
				CODE_SIGN_IDENTITY = "iPhone Developer";
				COPY_PHASE_STRIP = NO;
				CURRENT_PROJECT_VERSION = 1;
				DEBUG_INFORMATION_FORMAT = dwarf;
				ENABLE_STRICT_OBJC_MSGSEND = YES;
				ENABLE_TESTABILITY = YES;
				GCC_C_LANGUAGE_STANDARD = gnu11;
				GCC_DYNAMIC_NO_PIC = NO;
				GCC_NO_COMMON_BLOCKS = YES;
				GCC_OPTIMIZATION_LEVEL = 0;
				GCC_PREPROCESSOR_DEFINITIONS = (
					"DEBUG=1",
					"$(inherited)",
				);
				GCC_WARN_64_TO_32_BIT_CONVERSION = YES;
				GCC_WARN_ABOUT_RETURN_TYPE = YES_ERROR;
				GCC_WARN_UNDECLARED_SELECTOR = YES;
				GCC_WARN_UNINITIALIZED_AUTOS = YES_AGGRESSIVE;
				GCC_WARN_UNUSED_FUNCTION = YES;
				GCC_WARN_UNUSED_VARIABLE = YES;
				IPHONEOS_DEPLOYMENT_TARGET = 9;
				MTL_ENABLE_DEBUG_INFO = INCLUDE_SOURCE;
				MTL_FAST_MATH = YES;
				ONLY_ACTIVE_ARCH = YES;
				SDKROOT = iphoneos;
				SWIFT_ACTIVE_COMPILATION_CONDITIONS = DEBUG;
				SWIFT_OPTIMIZATION_LEVEL = "-Onone";
				VERSIONING_SYSTEM = "apple-generic";
				VERSION_INFO_PREFIX = "";
			};
			name = Debug;
		};
		861AA87022315FC100C68143 /* Release */ = {
			isa = XCBuildConfiguration;
			buildSettings = {
				ALWAYS_SEARCH_USER_PATHS = NO;
				CLANG_ANALYZER_NONNULL = YES;
				CLANG_ANALYZER_NUMBER_OBJECT_CONVERSION = YES_AGGRESSIVE;
				CLANG_CXX_LANGUAGE_STANDARD = "gnu++14";
				CLANG_CXX_LIBRARY = "libc++";
				CLANG_ENABLE_MODULES = YES;
				CLANG_ENABLE_OBJC_ARC = YES;
				CLANG_ENABLE_OBJC_WEAK = YES;
				CLANG_WARN_BLOCK_CAPTURE_AUTORELEASING = YES;
				CLANG_WARN_BOOL_CONVERSION = YES;
				CLANG_WARN_COMMA = YES;
				CLANG_WARN_CONSTANT_CONVERSION = YES;
				CLANG_WARN_DEPRECATED_OBJC_IMPLEMENTATIONS = YES;
				CLANG_WARN_DIRECT_OBJC_ISA_USAGE = YES_ERROR;
				CLANG_WARN_DOCUMENTATION_COMMENTS = YES;
				CLANG_WARN_EMPTY_BODY = YES;
				CLANG_WARN_ENUM_CONVERSION = YES;
				CLANG_WARN_INFINITE_RECURSION = YES;
				CLANG_WARN_INT_CONVERSION = YES;
				CLANG_WARN_NON_LITERAL_NULL_CONVERSION = YES;
				CLANG_WARN_OBJC_IMPLICIT_RETAIN_SELF = YES;
				CLANG_WARN_OBJC_LITERAL_CONVERSION = YES;
				CLANG_WARN_OBJC_ROOT_CLASS = YES_ERROR;
				CLANG_WARN_RANGE_LOOP_ANALYSIS = YES;
				CLANG_WARN_STRICT_PROTOTYPES = YES;
				CLANG_WARN_SUSPICIOUS_MOVE = YES;
				CLANG_WARN_UNGUARDED_AVAILABILITY = YES_AGGRESSIVE;
				CLANG_WARN_UNREACHABLE_CODE = YES;
				CLANG_WARN__DUPLICATE_METHOD_MATCH = YES;
				CODE_SIGN_IDENTITY = "iPhone Developer";
				COPY_PHASE_STRIP = NO;
				CURRENT_PROJECT_VERSION = 1;
				DEBUG_INFORMATION_FORMAT = "dwarf-with-dsym";
				ENABLE_NS_ASSERTIONS = NO;
				ENABLE_STRICT_OBJC_MSGSEND = YES;
				GCC_C_LANGUAGE_STANDARD = gnu11;
				GCC_NO_COMMON_BLOCKS = YES;
				GCC_WARN_64_TO_32_BIT_CONVERSION = YES;
				GCC_WARN_ABOUT_RETURN_TYPE = YES_ERROR;
				GCC_WARN_UNDECLARED_SELECTOR = YES;
				GCC_WARN_UNINITIALIZED_AUTOS = YES_AGGRESSIVE;
				GCC_WARN_UNUSED_FUNCTION = YES;
				GCC_WARN_UNUSED_VARIABLE = YES;
				IPHONEOS_DEPLOYMENT_TARGET = 9;
				MTL_ENABLE_DEBUG_INFO = NO;
				MTL_FAST_MATH = YES;
				SDKROOT = iphoneos;
				SWIFT_COMPILATION_MODE = wholemodule;
				SWIFT_OPTIMIZATION_LEVEL = "-O";
				VALIDATE_PRODUCT = YES;
				VERSIONING_SYSTEM = "apple-generic";
				VERSION_INFO_PREFIX = "";
			};
			name = Release;
		};
		861AA87222315FC100C68143 /* Debug */ = {
			isa = XCBuildConfiguration;
			buildSettings = {
				CLANG_ENABLE_MODULES = YES;
				CODE_SIGN_IDENTITY = "";
				CODE_SIGN_STYLE = Automatic;
				DEFINES_MODULE = YES;
				DEVELOPMENT_TEAM = H83958FVYM;
				DYLIB_COMPATIBILITY_VERSION = 1;
				DYLIB_CURRENT_VERSION = 1;
				DYLIB_INSTALL_NAME_BASE = "@rpath";
				INFOPLIST_FILE = ConcurrentOperation/Info.plist;
				INSTALL_PATH = "$(LOCAL_LIBRARY_DIR)/Frameworks";
				LD_RUNPATH_SEARCH_PATHS = (
					"$(inherited)",
					"@executable_path/Frameworks",
					"@loader_path/Frameworks",
				);
				PRODUCT_BUNDLE_IDENTIFIER = dev.dexter.ConcurrentOperation;
				PRODUCT_NAME = "$(TARGET_NAME:c99extidentifier)";
				SKIP_INSTALL = YES;
				SWIFT_OPTIMIZATION_LEVEL = "-Onone";
				SWIFT_VERSION = 4.2;
				TARGETED_DEVICE_FAMILY = "1,2";
			};
			name = Debug;
		};
		861AA87322315FC100C68143 /* Release */ = {
			isa = XCBuildConfiguration;
			buildSettings = {
				CLANG_ENABLE_MODULES = YES;
				CODE_SIGN_IDENTITY = "";
				CODE_SIGN_STYLE = Automatic;
				DEFINES_MODULE = YES;
				DEVELOPMENT_TEAM = H83958FVYM;
				DYLIB_COMPATIBILITY_VERSION = 1;
				DYLIB_CURRENT_VERSION = 1;
				DYLIB_INSTALL_NAME_BASE = "@rpath";
				INFOPLIST_FILE = ConcurrentOperation/Info.plist;
				INSTALL_PATH = "$(LOCAL_LIBRARY_DIR)/Frameworks";
				LD_RUNPATH_SEARCH_PATHS = (
					"$(inherited)",
					"@executable_path/Frameworks",
					"@loader_path/Frameworks",
				);
				PRODUCT_BUNDLE_IDENTIFIER = dev.dexter.ConcurrentOperation;
				PRODUCT_NAME = "$(TARGET_NAME:c99extidentifier)";
				SKIP_INSTALL = YES;
				SWIFT_VERSION = 4.2;
				TARGETED_DEVICE_FAMILY = "1,2";
			};
			name = Release;
		};
		861AA87522315FC100C68143 /* Debug */ = {
			isa = XCBuildConfiguration;
			buildSettings = {
				ALWAYS_EMBED_SWIFT_STANDARD_LIBRARIES = YES;
				CODE_SIGN_STYLE = Automatic;
				DEVELOPMENT_TEAM = H83958FVYM;
				INFOPLIST_FILE = ConcurrentOperationTests/Info.plist;
				LD_RUNPATH_SEARCH_PATHS = (
					"$(inherited)",
					"@executable_path/Frameworks",
					"@loader_path/Frameworks",
				);
				PRODUCT_BUNDLE_IDENTIFIER = dev.dexter.ConcurrentOperationTests;
				PRODUCT_NAME = "$(TARGET_NAME)";
				SWIFT_VERSION = 4.2;
				TARGETED_DEVICE_FAMILY = "1,2";
			};
			name = Debug;
		};
		861AA87622315FC100C68143 /* Release */ = {
			isa = XCBuildConfiguration;
			buildSettings = {
				ALWAYS_EMBED_SWIFT_STANDARD_LIBRARIES = YES;
				CODE_SIGN_STYLE = Automatic;
				DEVELOPMENT_TEAM = H83958FVYM;
				INFOPLIST_FILE = ConcurrentOperationTests/Info.plist;
				LD_RUNPATH_SEARCH_PATHS = (
					"$(inherited)",
					"@executable_path/Frameworks",
					"@loader_path/Frameworks",
				);
				PRODUCT_BUNDLE_IDENTIFIER = dev.dexter.ConcurrentOperationTests;
				PRODUCT_NAME = "$(TARGET_NAME)";
				SWIFT_VERSION = 4.2;
				TARGETED_DEVICE_FAMILY = "1,2";
			};
			name = Release;
		};
/* End XCBuildConfiguration section */

/* Begin XCConfigurationList section */
		861AA85722315FC100C68143 /* Build configuration list for PBXProject "ConcurrentOperation" */ = {
			isa = XCConfigurationList;
			buildConfigurations = (
				861AA86F22315FC100C68143 /* Debug */,
				861AA87022315FC100C68143 /* Release */,
			);
			defaultConfigurationIsVisible = 0;
			defaultConfigurationName = Release;
		};
		861AA87122315FC100C68143 /* Build configuration list for PBXNativeTarget "ConcurrentOperation" */ = {
			isa = XCConfigurationList;
			buildConfigurations = (
				861AA87222315FC100C68143 /* Debug */,
				861AA87322315FC100C68143 /* Release */,
			);
			defaultConfigurationIsVisible = 0;
			defaultConfigurationName = Release;
		};
		861AA87422315FC100C68143 /* Build configuration list for PBXNativeTarget "ConcurrentOperationTests" */ = {
			isa = XCConfigurationList;
			buildConfigurations = (
				861AA87522315FC100C68143 /* Debug */,
				861AA87622315FC100C68143 /* Release */,
			);
			defaultConfigurationIsVisible = 0;
			defaultConfigurationName = Release;
		};
/* End XCConfigurationList section */
	};
	rootObject = 861AA85422315FC100C68143 /* Project object */;
}
